
Microsoft Visual Studio Solution File, Format Version 12.00
# Visual Studio Version 17
VisualStudioVersion = 17.0.0.0
MinimumVisualStudioVersion = 10.0.40219.1
Project("{F2A71F9B-5D33-465A-A702-920D77279786}") = "FleetManagement.Core", "src\FleetManagement.Core\FleetManagement.Core.fsproj", "{11111111-1111-1111-1111-111111111101}"
EndProject
Project("{F2A71F9B-5D33-465A-A702-920D77279786}") = "FleetManagement.Actors", "src\FleetManagement.Actors\FleetManagement.Actors.fsproj", "{11111111-1111-1111-1111-111111111104}"
EndProject
Project("{F2A71F9B-5D33-465A-A702-920D77279786}") = "FleetManagement.Api", "src\FleetManagement.Api\FleetManagement.Api.fsproj", "{11111111-1111-1111-1111-111111111105}"
EndProject
Project("{F2A71F9B-5D33-465A-A702-920D77279786}") = "FleetManagement.Infrastructure", "src\FleetManagement.Infrastructure\FleetManagement.Infrastructure.fsproj", "{AD09058D-91BF-46B8-8AD3-A8A80856FC2D}"
EndProject
Project("{F2A71F9B-5D33-465A-A702-920D77279786}") = "FleetManagement.Tests", "tests\FleetManagement.Tests\FleetManagement.Tests.fsproj", "{7E5DE83F-54D7-4A27-9D13-8E71BDDF50F7}"
EndProject
Global
	GlobalSection(SolutionConfigurationPlatforms) = preSolution
		Debug|Any CPU = Debug|Any CPU
		Release|Any CPU = Release|Any CPU
	EndGlobalSection
	GlobalSection(ProjectConfigurationPlatforms) = postSolution
		{11111111-1111-1111-1111-111111111101}.Debug|Any CPU.ActiveCfg = Debug|Any CPU
		{11111111-1111-1111-1111-111111111101}.Debug|Any CPU.Build.0 = Debug|Any CPU
		{11111111-1111-1111-1111-111111111101}.Release|Any CPU.ActiveCfg = Release|Any CPU
		{11111111-1111-1111-1111-111111111101}.Release|Any CPU.Build.0 = Release|Any CPU
		{11111111-1111-1111-1111-111111111102}.Debug|Any CPU.ActiveCfg = Debug|Any CPU
		{11111111-1111-1111-1111-111111111102}.Debug|Any CPU.Build.0 = Debug|Any CPU
		{11111111-1111-1111-1111-111111111102}.Release|Any CPU.ActiveCfg = Release|Any CPU
		{11111111-1111-1111-1111-111111111102}.Release|Any CPU.Build.0 = Release|Any CPU
		{11111111-1111-1111-1111-111111111103}.Debug|Any CPU.ActiveCfg = Debug|Any CPU
		{11111111-1111-1111-1111-111111111103}.Debug|Any CPU.Build.0 = Debug|Any CPU
		{11111111-1111-1111-1111-111111111103}.Release|Any CPU.ActiveCfg = Release|Any CPU
		{11111111-1111-1111-1111-111111111103}.Release|Any CPU.Build.0 = Release|Any CPU
		{11111111-1111-1111-1111-111111111104}.Debug|Any CPU.ActiveCfg = Debug|Any CPU
		{11111111-1111-1111-1111-111111111104}.Debug|Any CPU.Build.0 = Debug|Any CPU
		{11111111-1111-1111-1111-111111111104}.Release|Any CPU.ActiveCfg = Release|Any CPU
		{11111111-1111-1111-1111-111111111104}.Release|Any CPU.Build.0 = Release|Any CPU
		{11111111-1111-1111-1111-111111111105}.Debug|Any CPU.ActiveCfg = Debug|Any CPU
		{11111111-1111-1111-1111-111111111105}.Debug|Any CPU.Build.0 = Debug|Any CPU
		{11111111-1111-1111-1111-111111111105}.Release|Any CPU.ActiveCfg = Release|Any CPU
		{11111111-1111-1111-1111-111111111105}.Release|Any CPU.Build.0 = Release|Any CPU
		{AD09058D-91BF-46B8-8AD3-A8A80856FC2D}.Debug|Any CPU.ActiveCfg = Debug|Any CPU
		{AD09058D-91BF-46B8-8AD3-A8A80856FC2D}.Debug|Any CPU.Build.0 = Debug|Any CPU
		{AD09058D-91BF-46B8-8AD3-A8A80856FC2D}.Release|Any CPU.ActiveCfg = Release|Any CPU
		{AD09058D-91BF-46B8-8AD3-A8A80856FC2D}.Release|Any CPU.Build.0 = Release|Any CPU
		{7E5DE83F-54D7-4A27-9D13-8E71BDDF50F7}.Debug|Any CPU.ActiveCfg = Debug|Any CPU
		{7E5DE83F-54D7-4A27-9D13-8E71BDDF50F7}.Debug|Any CPU.Build.0 = Debug|Any CPU
		{7E5DE83F-54D7-4A27-9D13-8E71BDDF50F7}.Release|Any CPU.ActiveCfg = Release|Any CPU
		{7E5DE83F-54D7-4A27-9D13-8E71BDDF50F7}.Release|Any CPU.Build.0 = Release|Any CPU
	EndGlobalSection
	GlobalSection(SolutionProperties) = preSolution
		HideSolutionNode = FALSE
	EndGlobalSection
EndGlobal
